
Microsoft Visual Studio Solution File, Format Version 12.00
# Visual Studio Version 17
VisualStudioVersion = 17.5.33516.290
MinimumVisualStudioVersion = 10.0.40219.1
Project("{8BC9CEB8-8B4A-11D0-8D11-00A0C91BC942}") = "FastPerft", "FastPerft.vcxproj", "{B45FE581-FA0A-4873-9893-72C1B26807A7}"
EndProject
Project("{8BC9CEB8-8B4A-11D0-8D11-00A0C91BC942}") = "Test_FastPerft", "..\Test_FastPerft\Test_FastPerft.vcxproj", "{B1489B44-E229-47C7-9093-5D0981133E20}"
EndProject
Global
	GlobalSection(SolutionConfigurationPlatforms) = preSolution
		Debug|x64 = Debug|x64
		Debug|x86 = Debug|x86
		Release|x64 = Release|x64
		Release|x86 = Release|x86
	EndGlobalSection
	GlobalSection(ProjectConfigurationPlatforms) = postSolution
		{B45FE581-FA0A-4873-9893-72C1B26807A7}.Debug|x64.ActiveCfg = Debug|x64
		{B45FE581-FA0A-4873-9893-72C1B26807A7}.Debug|x64.Build.0 = Debug|x64
		{B45FE581-FA0A-4873-9893-72C1B26807A7}.Debug|x86.ActiveCfg = Debug|Win32
		{B45FE581-FA0A-4873-9893-72C1B26807A7}.Debug|x86.Build.0 = Debug|Win32
		{B45FE581-FA0A-4873-9893-72C1B26807A7}.Release|x64.ActiveCfg = Release|x64
		{B45FE581-FA0A-4873-9893-72C1B26807A7}.Release|x64.Build.0 = Release|x64
		{B45FE581-FA0A-4873-9893-72C1B26807A7}.Release|x86.ActiveCfg = Release|Win32
		{B45FE581-FA0A-4873-9893-72C1B26807A7}.Release|x86.Build.0 = Release|Win32
		{B1489B44-E229-47C7-9093-5D0981133E20}.Debug|x64.ActiveCfg = Debug|x64
		{B1489B44-E229-47C7-9093-5D0981133E20}.Debug|x64.Build.0 = Debug|x64
		{B1489B44-E229-47C7-9093-5D0981133E20}.Debug|x86.ActiveCfg = Debug|Win32
		{B1489B44-E229-47C7-9093-5D0981133E20}.Debug|x86.Build.0 = Debug|Win32
		{B1489B44-E229-47C7-9093-5D0981133E20}.Release|x64.ActiveCfg = Release|x64
		{B1489B44-E229-47C7-9093-5D0981133E20}.Release|x64.Build.0 = Release|x64
		{B1489B44-E229-47C7-9093-5D0981133E20}.Release|x86.ActiveCfg = Release|Win32
		{B1489B44-E229-47C7-9093-5D0981133E20}.Release|x86.Build.0 = Release|Win32
	EndGlobalSection
	GlobalSection(SolutionProperties) = preSolution
		HideSolutionNode = FALSE
	EndGlobalSection
	GlobalSection(ExtensibilityGlobals) = postSolution
		SolutionGuid = {0A0DEB96-0D76-47D9-8D97-14B3994BE413}
	EndGlobalSection
EndGlobal
